# This file is automatically @generated by Cargo.
# It is not intended for manual editing.
version = 3

[[package]]
name = "kproc-parser"
version = "0.0.1-beta.3"
source = "registry+https://github.com/rust-lang/crates.io-index"
checksum = "44df55bc08bd9bc54c1f9205b613c8bc07ff146e7fe248bffa0efff4e63eaebf"
dependencies = [
 "proc-macro2",
]

[[package]]
name = "lnspec"
version = "0.1.0"
dependencies = [
 "lnspec_derive",
]

[[package]]
name = "lnspec_derive"
version = "0.1.0"
dependencies = [
 "kproc-parser",
]

[[package]]
name = "proc-macro2"
version = "1.0.49"
source = "registry+https://github.com/rust-lang/crates.io-index"
checksum = "57a8eca9f9c4ffde41714334dee777596264c7825420f521abc92b5b5deb63a5"
dependencies = [
 "unicode-ident",
]

[[package]]
name = "unicode-ident"
version = "1.0.6"
source = "registry+https://github.com/rust-lang/crates.io-index"
checksum = "84a22b9f218b40614adcb3f4ff08b703773ad44fa9423e4e0d346d5db86e4ebc"
